
Microsoft Visual Studio Solution File, Format Version 12.00
# Visual Studio 15
Project("{FAE04EC0-301F-11D3-BF4B-00C04F79EFBC}") = "Simpletron", "Simpletron\Simpletron.csproj", "{5BC75AF0-6232-4913-9ACC-E80399845A1E}"
EndProject
Global
	GlobalSection(SolutionConfigurationPlatforms) = preSolution
		Debug|anycpu = Debug|anycpu
		Release|anycpu = Release|anycpu
	EndGlobalSection
	GlobalSection(ProjectConfigurationPlatforms) = postSolution
		{5BC75AF0-6232-4913-9ACC-E80399845A1E}.Debug|anycpu.ActiveCfg = Debug|anycpu
		{5BC75AF0-6232-4913-9ACC-E80399845A1E}.Debug|anycpu.Build.0 = Debug|anycpu
		{5BC75AF0-6232-4913-9ACC-E80399845A1E}.Release|anycpu.ActiveCfg = Release|anycpu
		{5BC75AF0-6232-4913-9ACC-E80399845A1E}.Release|anycpu.Build.0 = Release|anycpu
	EndGlobalSection
EndGlobal
